// !$*UTF8*$!
{
	archiveVersion = 1;
	classes = {
	};
	objectVersion = 52;
	objects = {

/* Begin PBXBuildFile section */
		1B30216226A3F2CD0038F586 /* iOSDC2021SampleAppApp.swift in Sources */ = {isa = PBXBuildFile; fileRef = 1B30216126A3F2CD0038F586 /* iOSDC2021SampleAppApp.swift */; };
		1B30216426A3F2CD0038F586 /* GitHubListView.swift in Sources */ = {isa = PBXBuildFile; fileRef = 1B30216326A3F2CD0038F586 /* GitHubListView.swift */; };
		1B30216626A3F2CF0038F586 /* Assets.xcassets in Resources */ = {isa = PBXBuildFile; fileRef = 1B30216526A3F2CF0038F586 /* Assets.xcassets */; };
		1B30216926A3F2CF0038F586 /* Preview Assets.xcassets in Resources */ = {isa = PBXBuildFile; fileRef = 1B30216826A3F2CF0038F586 /* Preview Assets.xcassets */; };
		1B30217426A3F2D00038F586 /* iOSDC2021SampleAppTests.swift in Sources */ = {isa = PBXBuildFile; fileRef = 1B30217326A3F2D00038F586 /* iOSDC2021SampleAppTests.swift */; };
		1B30217F26A3F2D00038F586 /* iOSDC2021SampleAppUITests.swift in Sources */ = {isa = PBXBuildFile; fileRef = 1B30217E26A3F2D00038F586 /* iOSDC2021SampleAppUITests.swift */; };
		1B59D1C1276AFD6C00AE46A5 /* CombineSchedulers in Frameworks */ = {isa = PBXBuildFile; productRef = 1B59D1C0276AFD6C00AE46A5 /* CombineSchedulers */; };
		1BAA3B5B26B9800B00BD51B5 /* GitHubRepository.swift in Sources */ = {isa = PBXBuildFile; fileRef = 1BAA3B5A26B9800B00BD51B5 /* GitHubRepository.swift */; };
		1BAA3B5D26B980E500BD51B5 /* GitHubAPIClient.swift in Sources */ = {isa = PBXBuildFile; fileRef = 1BAA3B5C26B980E500BD51B5 /* GitHubAPIClient.swift */; };
		1BAA3B5F26B9818A00BD51B5 /* GitHubViewModel.swift in Sources */ = {isa = PBXBuildFile; fileRef = 1BAA3B5E26B9818A00BD51B5 /* GitHubViewModel.swift */; };
		1BEF9FB726C3D392007DCF34 /* MyTestScheduler.swift in Sources */ = {isa = PBXBuildFile; fileRef = 1BEF9FB626C3D392007DCF34 /* MyTestScheduler.swift */; };
/* End PBXBuildFile section */

/* Begin PBXContainerItemProxy section */
		1B30217026A3F2D00038F586 /* PBXContainerItemProxy */ = {
			isa = PBXContainerItemProxy;
			containerPortal = 1B30215626A3F2CD0038F586 /* Project object */;
			proxyType = 1;
			remoteGlobalIDString = 1B30215D26A3F2CD0038F586;
			remoteInfo = iOSDC2021SampleApp;
		};
		1B30217B26A3F2D00038F586 /* PBXContainerItemProxy */ = {
			isa = PBXContainerItemProxy;
			containerPortal = 1B30215626A3F2CD0038F586 /* Project object */;
			proxyType = 1;
			remoteGlobalIDString = 1B30215D26A3F2CD0038F586;
			remoteInfo = iOSDC2021SampleApp;
		};
/* End PBXContainerItemProxy section */

/* Begin PBXFileReference section */
		1B30215E26A3F2CD0038F586 /* iOSDC2021SampleApp.app */ = {isa = PBXFileReference; explicitFileType = wrapper.application; includeInIndex = 0; path = iOSDC2021SampleApp.app; sourceTree = BUILT_PRODUCTS_DIR; };
		1B30216126A3F2CD0038F586 /* iOSDC2021SampleAppApp.swift */ = {isa = PBXFileReference; lastKnownFileType = sourcecode.swift; path = iOSDC2021SampleAppApp.swift; sourceTree = "<group>"; };
		1B30216326A3F2CD0038F586 /* GitHubListView.swift */ = {isa = PBXFileReference; lastKnownFileType = sourcecode.swift; path = GitHubListView.swift; sourceTree = "<group>"; };
		1B30216526A3F2CF0038F586 /* Assets.xcassets */ = {isa = PBXFileReference; lastKnownFileType = folder.assetcatalog; path = Assets.xcassets; sourceTree = "<group>"; };
		1B30216826A3F2CF0038F586 /* Preview Assets.xcassets */ = {isa = PBXFileReference; lastKnownFileType = folder.assetcatalog; path = "Preview Assets.xcassets"; sourceTree = "<group>"; };
		1B30216A26A3F2CF0038F586 /* Info.plist */ = {isa = PBXFileReference; lastKnownFileType = text.plist.xml; path = Info.plist; sourceTree = "<group>"; };
		1B30216F26A3F2D00038F586 /* iOSDC2021SampleAppTests.xctest */ = {isa = PBXFileReference; explicitFileType = wrapper.cfbundle; includeInIndex = 0; path = iOSDC2021SampleAppTests.xctest; sourceTree = BUILT_PRODUCTS_DIR; };
		1B30217326A3F2D00038F586 /* iOSDC2021SampleAppTests.swift */ = {isa = PBXFileReference; lastKnownFileType = sourcecode.swift; path = iOSDC2021SampleAppTests.swift; sourceTree = "<group>"; };
		1B30217526A3F2D00038F586 /* Info.plist */ = {isa = PBXFileReference; lastKnownFileType = text.plist.xml; path = Info.plist; sourceTree = "<group>"; };
		1B30217A26A3F2D00038F586 /* iOSDC2021SampleAppUITests.xctest */ = {isa = PBXFileReference; explicitFileType = wrapper.cfbundle; includeInIndex = 0; path = iOSDC2021SampleAppUITests.xctest; sourceTree = BUILT_PRODUCTS_DIR; };
		1B30217E26A3F2D00038F586 /* iOSDC2021SampleAppUITests.swift */ = {isa = PBXFileReference; lastKnownFileType = sourcecode.swift; path = iOSDC2021SampleAppUITests.swift; sourceTree = "<group>"; };
		1B30218026A3F2D00038F586 /* Info.plist */ = {isa = PBXFileReference; lastKnownFileType = text.plist.xml; path = Info.plist; sourceTree = "<group>"; };
		1BAA3B5A26B9800B00BD51B5 /* GitHubRepository.swift */ = {isa = PBXFileReference; lastKnownFileType = sourcecode.swift; path = GitHubRepository.swift; sourceTree = "<group>"; };
		1BAA3B5C26B980E500BD51B5 /* GitHubAPIClient.swift */ = {isa = PBXFileReference; lastKnownFileType = sourcecode.swift; path = GitHubAPIClient.swift; sourceTree = "<group>"; };
		1BAA3B5E26B9818A00BD51B5 /* GitHubViewModel.swift */ = {isa = PBXFileReference; lastKnownFileType = sourcecode.swift; path = GitHubViewModel.swift; sourceTree = "<group>"; };
		1BEF9FB626C3D392007DCF34 /* MyTestScheduler.swift */ = {isa = PBXFileReference; lastKnownFileType = sourcecode.swift; path = MyTestScheduler.swift; sourceTree = "<group>"; };
/* End PBXFileReference section */

/* Begin PBXFrameworksBuildPhase section */
		1B30215B26A3F2CD0038F586 /* Frameworks */ = {
			isa = PBXFrameworksBuildPhase;
			buildActionMask = 2147483647;
			files = (
				1B59D1C1276AFD6C00AE46A5 /* CombineSchedulers in Frameworks */,
			);
			runOnlyForDeploymentPostprocessing = 0;
		};
		1B30216C26A3F2D00038F586 /* Frameworks */ = {
			isa = PBXFrameworksBuildPhase;
			buildActionMask = 2147483647;
			files = (
			);
			runOnlyForDeploymentPostprocessing = 0;
		};
		1B30217726A3F2D00038F586 /* Frameworks */ = {
			isa = PBXFrameworksBuildPhase;
			buildActionMask = 2147483647;
			files = (
			);
			runOnlyForDeploymentPostprocessing = 0;
		};
/* End PBXFrameworksBuildPhase section */

/* Begin PBXGroup section */
		1B30215526A3F2CD0038F586 = {
			isa = PBXGroup;
			children = (
				1B30216026A3F2CD0038F586 /* iOSDC2021SampleApp */,
				1B30217226A3F2D00038F586 /* iOSDC2021SampleAppTests */,
				1B30217D26A3F2D00038F586 /* iOSDC2021SampleAppUITests */,
				1B30215F26A3F2CD0038F586 /* Products */,
			);
			sourceTree = "<group>";
		};
		1B30215F26A3F2CD0038F586 /* Products */ = {
			isa = PBXGroup;
			children = (
				1B30215E26A3F2CD0038F586 /* iOSDC2021SampleApp.app */,
				1B30216F26A3F2D00038F586 /* iOSDC2021SampleAppTests.xctest */,
				1B30217A26A3F2D00038F586 /* iOSDC2021SampleAppUITests.xctest */,
			);
			name = Products;
			sourceTree = "<group>";
		};
		1B30216026A3F2CD0038F586 /* iOSDC2021SampleApp */ = {
			isa = PBXGroup;
			children = (
				1BEF9FB526C3D36C007DCF34 /* Scheduler */,
				1BAA3B5926B97FE800BD51B5 /* ViewModel */,
				1BAA3B5826B97FE400BD51B5 /* View */,
				1BAA3B5726B97FD500BD51B5 /* Model */,
				1B30216126A3F2CD0038F586 /* iOSDC2021SampleAppApp.swift */,
				1B30216526A3F2CF0038F586 /* Assets.xcassets */,
				1B30216A26A3F2CF0038F586 /* Info.plist */,
				1B30216726A3F2CF0038F586 /* Preview Content */,
			);
			path = iOSDC2021SampleApp;
			sourceTree = "<group>";
		};
		1B30216726A3F2CF0038F586 /* Preview Content */ = {
			isa = PBXGroup;
			children = (
				1B30216826A3F2CF0038F586 /* Preview Assets.xcassets */,
			);
			path = "Preview Content";
			sourceTree = "<group>";
		};
		1B30217226A3F2D00038F586 /* iOSDC2021SampleAppTests */ = {
			isa = PBXGroup;
			children = (
				1B30217326A3F2D00038F586 /* iOSDC2021SampleAppTests.swift */,
				1B30217526A3F2D00038F586 /* Info.plist */,
			);
			path = iOSDC2021SampleAppTests;
			sourceTree = "<group>";
		};
		1B30217D26A3F2D00038F586 /* iOSDC2021SampleAppUITests */ = {
			isa = PBXGroup;
			children = (
				1B30217E26A3F2D00038F586 /* iOSDC2021SampleAppUITests.swift */,
				1B30218026A3F2D00038F586 /* Info.plist */,
			);
			path = iOSDC2021SampleAppUITests;
			sourceTree = "<group>";
		};
		1BAA3B5726B97FD500BD51B5 /* Model */ = {
			isa = PBXGroup;
			children = (
				1BAA3B5A26B9800B00BD51B5 /* GitHubRepository.swift */,
				1BAA3B5C26B980E500BD51B5 /* GitHubAPIClient.swift */,
			);
			path = Model;
			sourceTree = "<group>";
		};
		1BAA3B5826B97FE400BD51B5 /* View */ = {
			isa = PBXGroup;
			children = (
				1B30216326A3F2CD0038F586 /* GitHubListView.swift */,
			);
			path = View;
			sourceTree = "<group>";
		};
		1BAA3B5926B97FE800BD51B5 /* ViewModel */ = {
			isa = PBXGroup;
			children = (
				1BAA3B5E26B9818A00BD51B5 /* GitHubViewModel.swift */,
			);
			path = ViewModel;
			sourceTree = "<group>";
		};
		1BEF9FB526C3D36C007DCF34 /* Scheduler */ = {
			isa = PBXGroup;
			children = (
				1BEF9FB626C3D392007DCF34 /* MyTestScheduler.swift */,
			);
			path = Scheduler;
			sourceTree = "<group>";
		};
/* End PBXGroup section */

/* Begin PBXNativeTarget section */
		1B30215D26A3F2CD0038F586 /* iOSDC2021SampleApp */ = {
			isa = PBXNativeTarget;
			buildConfigurationList = 1B30218326A3F2D00038F586 /* Build configuration list for PBXNativeTarget "iOSDC2021SampleApp" */;
			buildPhases = (
				1B30215A26A3F2CD0038F586 /* Sources */,
				1B30215B26A3F2CD0038F586 /* Frameworks */,
				1B30215C26A3F2CD0038F586 /* Resources */,
			);
			buildRules = (
			);
			dependencies = (
			);
			name = iOSDC2021SampleApp;
			packageProductDependencies = (
				1B59D1C0276AFD6C00AE46A5 /* CombineSchedulers */,
			);
			productName = iOSDC2021SampleApp;
			productReference = 1B30215E26A3F2CD0038F586 /* iOSDC2021SampleApp.app */;
			productType = "com.apple.product-type.application";
		};
		1B30216E26A3F2D00038F586 /* iOSDC2021SampleAppTests */ = {
			isa = PBXNativeTarget;
			buildConfigurationList = 1B30218626A3F2D00038F586 /* Build configuration list for PBXNativeTarget "iOSDC2021SampleAppTests" */;
			buildPhases = (
				1B30216B26A3F2D00038F586 /* Sources */,
				1B30216C26A3F2D00038F586 /* Frameworks */,
				1B30216D26A3F2D00038F586 /* Resources */,
			);
			buildRules = (
			);
			dependencies = (
				1B30217126A3F2D00038F586 /* PBXTargetDependency */,
			);
			name = iOSDC2021SampleAppTests;
			productName = iOSDC2021SampleAppTests;
			productReference = 1B30216F26A3F2D00038F586 /* iOSDC2021SampleAppTests.xctest */;
			productType = "com.apple.product-type.bundle.unit-test";
		};
		1B30217926A3F2D00038F586 /* iOSDC2021SampleAppUITests */ = {
			isa = PBXNativeTarget;
			buildConfigurationList = 1B30218926A3F2D00038F586 /* Build configuration list for PBXNativeTarget "iOSDC2021SampleAppUITests" */;
			buildPhases = (
				1B30217626A3F2D00038F586 /* Sources */,
				1B30217726A3F2D00038F586 /* Frameworks */,
				1B30217826A3F2D00038F586 /* Resources */,
			);
			buildRules = (
			);
			dependencies = (
				1B30217C26A3F2D00038F586 /* PBXTargetDependency */,
			);
			name = iOSDC2021SampleAppUITests;
			productName = iOSDC2021SampleAppUITests;
			productReference = 1B30217A26A3F2D00038F586 /* iOSDC2021SampleAppUITests.xctest */;
			productType = "com.apple.product-type.bundle.ui-testing";
		};
/* End PBXNativeTarget section */

/* Begin PBXProject section */
		1B30215626A3F2CD0038F586 /* Project object */ = {
			isa = PBXProject;
			attributes = {
				LastSwiftUpdateCheck = 1250;
				LastUpgradeCheck = 1250;
				TargetAttributes = {
					1B30215D26A3F2CD0038F586 = {
						CreatedOnToolsVersion = 12.5.1;
					};
					1B30216E26A3F2D00038F586 = {
						CreatedOnToolsVersion = 12.5.1;
						TestTargetID = 1B30215D26A3F2CD0038F586;
					};
					1B30217926A3F2D00038F586 = {
						CreatedOnToolsVersion = 12.5.1;
						TestTargetID = 1B30215D26A3F2CD0038F586;
					};
				};
			};
			buildConfigurationList = 1B30215926A3F2CD0038F586 /* Build configuration list for PBXProject "iOSDC2021SampleApp" */;
			compatibilityVersion = "Xcode 9.3";
			developmentRegion = en;
			hasScannedForEncodings = 0;
			knownRegions = (
				en,
				Base,
			);
			mainGroup = 1B30215526A3F2CD0038F586;
			packageReferences = (
				1B59D1BF276AFD6C00AE46A5 /* XCRemoteSwiftPackageReference "combine-schedulers" */,
			);
			productRefGroup = 1B30215F26A3F2CD0038F586 /* Products */;
			projectDirPath = "";
			projectRoot = "";
			targets = (
				1B30215D26A3F2CD0038F586 /* iOSDC2021SampleApp */,
				1B30216E26A3F2D00038F586 /* iOSDC2021SampleAppTests */,
				1B30217926A3F2D00038F586 /* iOSDC2021SampleAppUITests */,
			);
		};
/* End PBXProject section */

/* Begin PBXResourcesBuildPhase section */
		1B30215C26A3F2CD0038F586 /* Resources */ = {
			isa = PBXResourcesBuildPhase;
			buildActionMask = 2147483647;
			files = (
				1B30216926A3F2CF0038F586 /* Preview Assets.xcassets in Resources */,
				1B30216626A3F2CF0038F586 /* Assets.xcassets in Resources */,
			);
			runOnlyForDeploymentPostprocessing = 0;
		};
		1B30216D26A3F2D00038F586 /* Resources */ = {
			isa = PBXResourcesBuildPhase;
			buildActionMask = 2147483647;
			files = (
			);
			runOnlyForDeploymentPostprocessing = 0;
		};
		1B30217826A3F2D00038F586 /* Resources */ = {
			isa = PBXResourcesBuildPhase;
			buildActionMask = 2147483647;
			files = (
			);
			runOnlyForDeploymentPostprocessing = 0;
		};
/* End PBXResourcesBuildPhase section */

/* Begin PBXSourcesBuildPhase section */
		1B30215A26A3F2CD0038F586 /* Sources */ = {
			isa = PBXSourcesBuildPhase;
			buildActionMask = 2147483647;
			files = (
				1BAA3B5D26B980E500BD51B5 /* GitHubAPIClient.swift in Sources */,
				1BEF9FB726C3D392007DCF34 /* MyTestScheduler.swift in Sources */,
				1BAA3B5F26B9818A00BD51B5 /* GitHubViewModel.swift in Sources */,
				1BAA3B5B26B9800B00BD51B5 /* GitHubRepository.swift in Sources */,
				1B30216426A3F2CD0038F586 /* GitHubListView.swift in Sources */,
				1B30216226A3F2CD0038F586 /* iOSDC2021SampleAppApp.swift in Sources */,
			);
			runOnlyForDeploymentPostprocessing = 0;
		};
		1B30216B26A3F2D00038F586 /* Sources */ = {
			isa = PBXSourcesBuildPhase;
			buildActionMask = 2147483647;
			files = (
				1B30217426A3F2D00038F586 /* iOSDC2021SampleAppTests.swift in Sources */,
			);
			runOnlyForDeploymentPostprocessing = 0;
		};
		1B30217626A3F2D00038F586 /* Sources */ = {
			isa = PBXSourcesBuildPhase;
			buildActionMask = 2147483647;
			files = (
				1B30217F26A3F2D00038F586 /* iOSDC2021SampleAppUITests.swift in Sources */,
			);
			runOnlyForDeploymentPostprocessing = 0;
		};
/* End PBXSourcesBuildPhase section */

/* Begin PBXTargetDependency section */
		1B30217126A3F2D00038F586 /* PBXTargetDependency */ = {
			isa = PBXTargetDependency;
			target = 1B30215D26A3F2CD0038F586 /* iOSDC2021SampleApp */;
			targetProxy = 1B30217026A3F2D00038F586 /* PBXContainerItemProxy */;
		};
		1B30217C26A3F2D00038F586 /* PBXTargetDependency */ = {
			isa = PBXTargetDependency;
			target = 1B30215D26A3F2CD0038F586 /* iOSDC2021SampleApp */;
			targetProxy = 1B30217B26A3F2D00038F586 /* PBXContainerItemProxy */;
		};
/* End PBXTargetDependency section */

/* Begin XCBuildConfiguration section */
		1B30218126A3F2D00038F586 /* Debug */ = {
			isa = XCBuildConfiguration;
			buildSettings = {
				ALWAYS_SEARCH_USER_PATHS = NO;
				CLANG_ANALYZER_NONNULL = YES;
				CLANG_ANALYZER_NUMBER_OBJECT_CONVERSION = YES_AGGRESSIVE;
				CLANG_CXX_LANGUAGE_STANDARD = "gnu++14";
				CLANG_CXX_LIBRARY = "libc++";
				CLANG_ENABLE_MODULES = YES;
				CLANG_ENABLE_OBJC_ARC = YES;
				CLANG_ENABLE_OBJC_WEAK = YES;
				CLANG_WARN_BLOCK_CAPTURE_AUTORELEASING = YES;
				CLANG_WARN_BOOL_CONVERSION = YES;
				CLANG_WARN_COMMA = YES;
				CLANG_WARN_CONSTANT_CONVERSION = YES;
				CLANG_WARN_DEPRECATED_OBJC_IMPLEMENTATIONS = YES;
				CLANG_WARN_DIRECT_OBJC_ISA_USAGE = YES_ERROR;
				CLANG_WARN_DOCUMENTATION_COMMENTS = YES;
				CLANG_WARN_EMPTY_BODY = YES;
				CLANG_WARN_ENUM_CONVERSION = YES;
				CLANG_WARN_INFINITE_RECURSION = YES;
				CLANG_WARN_INT_CONVERSION = YES;
				CLANG_WARN_NON_LITERAL_NULL_CONVERSION = YES;
				CLANG_WARN_OBJC_IMPLICIT_RETAIN_SELF = YES;
				CLANG_WARN_OBJC_LITERAL_CONVERSION = YES;
				CLANG_WARN_OBJC_ROOT_CLASS = YES_ERROR;
				CLANG_WARN_QUOTED_INCLUDE_IN_FRAMEWORK_HEADER = YES;
				CLANG_WARN_RANGE_LOOP_ANALYSIS = YES;
				CLANG_WARN_STRICT_PROTOTYPES = YES;
				CLANG_WARN_SUSPICIOUS_MOVE = YES;
				CLANG_WARN_UNGUARDED_AVAILABILITY = YES_AGGRESSIVE;
				CLANG_WARN_UNREACHABLE_CODE = YES;
				CLANG_WARN__DUPLICATE_METHOD_MATCH = YES;
				COPY_PHASE_STRIP = NO;
				DEBUG_INFORMATION_FORMAT = dwarf;
				ENABLE_STRICT_OBJC_MSGSEND = YES;
				ENABLE_TESTABILITY = YES;
				GCC_C_LANGUAGE_STANDARD = gnu11;
				GCC_DYNAMIC_NO_PIC = NO;
				GCC_NO_COMMON_BLOCKS = YES;
				GCC_OPTIMIZATION_LEVEL = 0;
				GCC_PREPROCESSOR_DEFINITIONS = (
					"DEBUG=1",
					"$(inherited)",
				);
				GCC_WARN_64_TO_32_BIT_CONVERSION = YES;
				GCC_WARN_ABOUT_RETURN_TYPE = YES_ERROR;
				GCC_WARN_UNDECLARED_SELECTOR = YES;
				GCC_WARN_UNINITIALIZED_AUTOS = YES_AGGRESSIVE;
				GCC_WARN_UNUSED_FUNCTION = YES;
				GCC_WARN_UNUSED_VARIABLE = YES;
				IPHONEOS_DEPLOYMENT_TARGET = 14.5;
				MTL_ENABLE_DEBUG_INFO = INCLUDE_SOURCE;
				MTL_FAST_MATH = YES;
				ONLY_ACTIVE_ARCH = YES;
				SDKROOT = iphoneos;
				SWIFT_ACTIVE_COMPILATION_CONDITIONS = DEBUG;
				SWIFT_OPTIMIZATION_LEVEL = "-Onone";
			};
			name = Debug;
		};
		1B30218226A3F2D00038F586 /* Release */ = {
			isa = XCBuildConfiguration;
			buildSettings = {
				ALWAYS_SEARCH_USER_PATHS = NO;
				CLANG_ANALYZER_NONNULL = YES;
				CLANG_ANALYZER_NUMBER_OBJECT_CONVERSION = YES_AGGRESSIVE;
				CLANG_CXX_LANGUAGE_STANDARD = "gnu++14";
				CLANG_CXX_LIBRARY = "libc++";
				CLANG_ENABLE_MODULES = YES;
				CLANG_ENABLE_OBJC_ARC = YES;
				CLANG_ENABLE_OBJC_WEAK = YES;
				CLANG_WARN_BLOCK_CAPTURE_AUTORELEASING = YES;
				CLANG_WARN_BOOL_CONVERSION = YES;
				CLANG_WARN_COMMA = YES;
				CLANG_WARN_CONSTANT_CONVERSION = YES;
				CLANG_WARN_DEPRECATED_OBJC_IMPLEMENTATIONS = YES;
				CLANG_WARN_DIRECT_OBJC_ISA_USAGE = YES_ERROR;
				CLANG_WARN_DOCUMENTATION_COMMENTS = YES;
				CLANG_WARN_EMPTY_BODY = YES;
				CLANG_WARN_ENUM_CONVERSION = YES;
				CLANG_WARN_INFINITE_RECURSION = YES;
				CLANG_WARN_INT_CONVERSION = YES;
				CLANG_WARN_NON_LITERAL_NULL_CONVERSION = YES;
				CLANG_WARN_OBJC_IMPLICIT_RETAIN_SELF = YES;
				CLANG_WARN_OBJC_LITERAL_CONVERSION = YES;
				CLANG_WARN_OBJC_ROOT_CLASS = YES_ERROR;
				CLANG_WARN_QUOTED_INCLUDE_IN_FRAMEWORK_HEADER = YES;
				CLANG_WARN_RANGE_LOOP_ANALYSIS = YES;
				CLANG_WARN_STRICT_PROTOTYPES = YES;
				CLANG_WARN_SUSPICIOUS_MOVE = YES;
				CLANG_WARN_UNGUARDED_AVAILABILITY = YES_AGGRESSIVE;
				CLANG_WARN_UNREACHABLE_CODE = YES;
				CLANG_WARN__DUPLICATE_METHOD_MATCH = YES;
				COPY_PHASE_STRIP = NO;
				DEBUG_INFORMATION_FORMAT = "dwarf-with-dsym";
				ENABLE_NS_ASSERTIONS = NO;
				ENABLE_STRICT_OBJC_MSGSEND = YES;
				GCC_C_LANGUAGE_STANDARD = gnu11;
				GCC_NO_COMMON_BLOCKS = YES;
				GCC_WARN_64_TO_32_BIT_CONVERSION = YES;
				GCC_WARN_ABOUT_RETURN_TYPE = YES_ERROR;
				GCC_WARN_UNDECLARED_SELECTOR = YES;
				GCC_WARN_UNINITIALIZED_AUTOS = YES_AGGRESSIVE;
				GCC_WARN_UNUSED_FUNCTION = YES;
				GCC_WARN_UNUSED_VARIABLE = YES;
				IPHONEOS_DEPLOYMENT_TARGET = 14.5;
				MTL_ENABLE_DEBUG_INFO = NO;
				MTL_FAST_MATH = YES;
				SDKROOT = iphoneos;
				SWIFT_COMPILATION_MODE = wholemodule;
				SWIFT_OPTIMIZATION_LEVEL = "-O";
				VALIDATE_PRODUCT = YES;
			};
			name = Release;
		};
		1B30218426A3F2D00038F586 /* Debug */ = {
			isa = XCBuildConfiguration;
			buildSettings = {
				ASSETCATALOG_COMPILER_APPICON_NAME = AppIcon;
				ASSETCATALOG_COMPILER_GLOBAL_ACCENT_COLOR_NAME = AccentColor;
				CODE_SIGN_STYLE = Automatic;
				DEVELOPMENT_ASSET_PATHS = "\"iOSDC2021SampleApp/Preview Content\"";
				DEVELOPMENT_TEAM = S2VVFWD7JE;
				ENABLE_PREVIEWS = YES;
				INFOPLIST_FILE = iOSDC2021SampleApp/Info.plist;
				IPHONEOS_DEPLOYMENT_TARGET = 14.0;
				LD_RUNPATH_SEARCH_PATHS = (
					"$(inherited)",
					"@executable_path/Frameworks",
				);
				PRODUCT_BUNDLE_IDENTIFIER = com.iosdc2021.aikawa.iOSDC2021SampleApp;
				PRODUCT_NAME = "$(TARGET_NAME)";
				SWIFT_VERSION = 5.0;
				TARGETED_DEVICE_FAMILY = "1,2";
			};
			name = Debug;
		};
		1B30218526A3F2D00038F586 /* Release */ = {
			isa = XCBuildConfiguration;
			buildSettings = {
				ASSETCATALOG_COMPILER_APPICON_NAME = AppIcon;
				ASSETCATALOG_COMPILER_GLOBAL_ACCENT_COLOR_NAME = AccentColor;
				CODE_SIGN_STYLE = Automatic;
				DEVELOPMENT_ASSET_PATHS = "\"iOSDC2021SampleApp/Preview Content\"";
				DEVELOPMENT_TEAM = S2VVFWD7JE;
				ENABLE_PREVIEWS = YES;
				INFOPLIST_FILE = iOSDC2021SampleApp/Info.plist;
				IPHONEOS_DEPLOYMENT_TARGET = 14.0;
				LD_RUNPATH_SEARCH_PATHS = (
					"$(inherited)",
					"@executable_path/Frameworks",
				);
				PRODUCT_BUNDLE_IDENTIFIER = com.iosdc2021.aikawa.iOSDC2021SampleApp;
				PRODUCT_NAME = "$(TARGET_NAME)";
				SWIFT_VERSION = 5.0;
				TARGETED_DEVICE_FAMILY = "1,2";
			};
			name = Release;
		};
		1B30218726A3F2D00038F586 /* Debug */ = {
			isa = XCBuildConfiguration;
			buildSettings = {
				ALWAYS_EMBED_SWIFT_STANDARD_LIBRARIES = YES;
				BUNDLE_LOADER = "$(TEST_HOST)";
				CODE_SIGN_STYLE = Automatic;
				DEVELOPMENT_TEAM = S2VVFWD7JE;
				INFOPLIST_FILE = iOSDC2021SampleAppTests/Info.plist;
				IPHONEOS_DEPLOYMENT_TARGET = 14.0;
				LD_RUNPATH_SEARCH_PATHS = (
					"$(inherited)",
					"@executable_path/Frameworks",
					"@loader_path/Frameworks",
				);
				PRODUCT_BUNDLE_IDENTIFIER = com.iosdc2021.aikawa.iOSDC2021SampleAppTests;
				PRODUCT_NAME = "$(TARGET_NAME)";
				SWIFT_VERSION = 5.0;
				TARGETED_DEVICE_FAMILY = "1,2";
				TEST_HOST = "$(BUILT_PRODUCTS_DIR)/iOSDC2021SampleApp.app/iOSDC2021SampleApp";
			};
			name = Debug;
		};
		1B30218826A3F2D00038F586 /* Release */ = {
			isa = XCBuildConfiguration;
			buildSettings = {
				ALWAYS_EMBED_SWIFT_STANDARD_LIBRARIES = YES;
				BUNDLE_LOADER = "$(TEST_HOST)";
				CODE_SIGN_STYLE = Automatic;
				DEVELOPMENT_TEAM = S2VVFWD7JE;
				INFOPLIST_FILE = iOSDC2021SampleAppTests/Info.plist;
				IPHONEOS_DEPLOYMENT_TARGET = 14.0;
				LD_RUNPATH_SEARCH_PATHS = (
					"$(inherited)",
					"@executable_path/Frameworks",
					"@loader_path/Frameworks",
				);
				PRODUCT_BUNDLE_IDENTIFIER = com.iosdc2021.aikawa.iOSDC2021SampleAppTests;
				PRODUCT_NAME = "$(TARGET_NAME)";
				SWIFT_VERSION = 5.0;
				TARGETED_DEVICE_FAMILY = "1,2";
				TEST_HOST = "$(BUILT_PRODUCTS_DIR)/iOSDC2021SampleApp.app/iOSDC2021SampleApp";
			};
			name = Release;
		};
		1B30218A26A3F2D00038F586 /* Debug */ = {
			isa = XCBuildConfiguration;
			buildSettings = {
				ALWAYS_EMBED_SWIFT_STANDARD_LIBRARIES = YES;
				CODE_SIGN_STYLE = Automatic;
				DEVELOPMENT_TEAM = S2VVFWD7JE;
				INFOPLIST_FILE = iOSDC2021SampleAppUITests/Info.plist;
				LD_RUNPATH_SEARCH_PATHS = (
					"$(inherited)",
					"@executable_path/Frameworks",
					"@loader_path/Frameworks",
				);
				PRODUCT_BUNDLE_IDENTIFIER = com.iosdc2021.aikawa.iOSDC2021SampleAppUITests;
				PRODUCT_NAME = "$(TARGET_NAME)";
				SWIFT_VERSION = 5.0;
				TARGETED_DEVICE_FAMILY = "1,2";
				TEST_TARGET_NAME = iOSDC2021SampleApp;
			};
			name = Debug;
		};
		1B30218B26A3F2D00038F586 /* Release */ = {
			isa = XCBuildConfiguration;
			buildSettings = {
				ALWAYS_EMBED_SWIFT_STANDARD_LIBRARIES = YES;
				CODE_SIGN_STYLE = Automatic;
				DEVELOPMENT_TEAM = S2VVFWD7JE;
				INFOPLIST_FILE = iOSDC2021SampleAppUITests/Info.plist;
				LD_RUNPATH_SEARCH_PATHS = (
					"$(inherited)",
					"@executable_path/Frameworks",
					"@loader_path/Frameworks",
				);
				PRODUCT_BUNDLE_IDENTIFIER = com.iosdc2021.aikawa.iOSDC2021SampleAppUITests;
				PRODUCT_NAME = "$(TARGET_NAME)";
				SWIFT_VERSION = 5.0;
				TARGETED_DEVICE_FAMILY = "1,2";
				TEST_TARGET_NAME = iOSDC2021SampleApp;
			};
			name = Release;
		};
/* End XCBuildConfiguration section */

/* Begin XCConfigurationList section */
		1B30215926A3F2CD0038F586 /* Build configuration list for PBXProject "iOSDC2021SampleApp" */ = {
			isa = XCConfigurationList;
			buildConfigurations = (
				1B30218126A3F2D00038F586 /* Debug */,
				1B30218226A3F2D00038F586 /* Release */,
			);
			defaultConfigurationIsVisible = 0;
			defaultConfigurationName = Release;
		};
		1B30218326A3F2D00038F586 /* Build configuration list for PBXNativeTarget "iOSDC2021SampleApp" */ = {
			isa = XCConfigurationList;
			buildConfigurations = (
				1B30218426A3F2D00038F586 /* Debug */,
				1B30218526A3F2D00038F586 /* Release */,
			);
			defaultConfigurationIsVisible = 0;
			defaultConfigurationName = Release;
		};
		1B30218626A3F2D00038F586 /* Build configuration list for PBXNativeTarget "iOSDC2021SampleAppTests" */ = {
			isa = XCConfigurationList;
			buildConfigurations = (
				1B30218726A3F2D00038F586 /* Debug */,
				1B30218826A3F2D00038F586 /* Release */,
			);
			defaultConfigurationIsVisible = 0;
			defaultConfigurationName = Release;
		};
		1B30218926A3F2D00038F586 /* Build configuration list for PBXNativeTarget "iOSDC2021SampleAppUITests" */ = {
			isa = XCConfigurationList;
			buildConfigurations = (
				1B30218A26A3F2D00038F586 /* Debug */,
				1B30218B26A3F2D00038F586 /* Release */,
			);
			defaultConfigurationIsVisible = 0;
			defaultConfigurationName = Release;
		};
/* End XCConfigurationList section */

/* Begin XCRemoteSwiftPackageReference section */
		1B59D1BF276AFD6C00AE46A5 /* XCRemoteSwiftPackageReference "combine-schedulers" */ = {
			isa = XCRemoteSwiftPackageReference;
			repositoryURL = "https://github.com/pointfreeco/combine-schedulers.git";
			requirement = {
				kind = upToNextMajorVersion;
				minimumVersion = 0.5.3;
			};
		};
/* End XCRemoteSwiftPackageReference section */

/* Begin XCSwiftPackageProductDependency section */
		1B59D1C0276AFD6C00AE46A5 /* CombineSchedulers */ = {
			isa = XCSwiftPackageProductDependency;
			package = 1B59D1BF276AFD6C00AE46A5 /* XCRemoteSwiftPackageReference "combine-schedulers" */;
			productName = CombineSchedulers;
		};
/* End XCSwiftPackageProductDependency section */
	};
	rootObject = 1B30215626A3F2CD0038F586 /* Project object */;
}
